<?xml version="1.0" encoding="UTF-8" standalone="yes" ?>
<CodeBlocks_project_file>
	<FileVersion major="1" minor="6" />
	<Project>
		<Option title="Dungeon Quest 4" />
		<Option pch_mode="2" />
		<Option compiler="gcc" />
		<Build>
			<Target title="Debug">
				<Option output="bin/Debug/Dungeon Quest 4" prefix_auto="1" extension_auto="1" />
				<Option object_output="obj/Debug/" />
				<Option type="1" />
				<Option compiler="gcc" />
				<Compiler>
					<Add option="-g" />
					<Add directory="include" />
				</Compiler>
				<Linker>
					<Add option="-static-libgcc" />
					<Add option="-static-libstdc++" />
					<Add option="-std=c++11" />
					<Add library="sfml-graphics-s-d" />
					<Add library="sfml-window-s-d" />
					<Add library="sfml-system-s-d" />
				</Linker>
			</Target>
			<Target title="Release">
				<Option output="bin/Release/Dungeon Quest 4" prefix_auto="1" extension_auto="1" />
				<Option object_output="obj/Release/" />
				<Option type="1" />
				<Option compiler="gcc" />
				<Compiler>
					<Add option="-O2" />
					<Add directory="include" />
				</Compiler>
				<Linker>
					<Add option="-s" />
					<Add option="-static-libgcc" />
					<Add option="-static-libstdc++" />
					<Add option="-std=c++11" />
					<Add library="sfml-graphics-s" />
					<Add library="sfml-window-s" />
					<Add library="sfml-system-s" />
				</Linker>
			</Target>
		</Build>
		<Compiler>
			<Add option="-Wall" />
			<Add option="-DSFML_STATIC" />
			<Add directory="C:/Program Files (x86)/SFML-2.1/include" />
		</Compiler>
		<Linker>
			<Add library="sfml-graphics-s" />
			<Add library="sfml-window-s" />
			<Add library="sfml-system-s" />
			<Add directory="C:/Program Files (x86)/SFML-2.1/lib" />
		</Linker>
		<Unit filename="Dungeon.cpp" />
		<Unit filename="Dungeon.h" />
		<Unit filename="Enemy.cpp" />
		<Unit filename="Enemy.h" />
		<Unit filename="Entity.cpp" />
		<Unit filename="Entity.h" />
		<Unit filename="Pixel.cpp" />
		<Unit filename="Pixel.h" />
		<Unit filename="Player.cpp" />
		<Unit filename="Player.h" />
		<Unit filename="PlayerAttack.cpp" />
		<Unit filename="PlayerAttack.h" />
		<Unit filename="Room.cpp" />
		<Unit filename="Room.h" />
		<Unit filename="main.cpp" />
		<Unit filename="main.h" />
		<Extensions>
			<code_completion />
			<editor_config active="1" use_tabs="1" tab_indents="1" tab_width="4" indent="4" eol_mode="0" />
			<envvars />
			<debugger />
		</Extensions>
	</Project>
</CodeBlocks_project_file>
